
Microsoft Visual Studio Solution File, Format Version 12.00
# Visual Studio Version 17
VisualStudioVersion = 17.2.32526.322
MinimumVisualStudioVersion = 10.0.40219.1
Project("{9A19103F-16F7-4668-BE54-9A1E7A4F7556}") = "SignalRChatWeb", "SignalRChatWeb\SignalRChatWeb.csproj", "{AD5D6139-AE13-4A58-A191-5C383EA32977}"
EndProject
Project("{FAE04EC0-301F-11D3-BF4B-00C04F79EFBC}") = "SignalRNotificationWeb", "SignalRNotificationWeb\SignalRNotificationWeb.csproj", "{CF828BDE-050E-4287-A0BA-9FADF7301DBD}"
EndProject
Global
	GlobalSection(SolutionConfigurationPlatforms) = preSolution
		Debug|Any CPU = Debug|Any CPU
		Release|Any CPU = Release|Any CPU
	EndGlobalSection
	GlobalSection(ProjectConfigurationPlatforms) = postSolution
		{AD5D6139-AE13-4A58-A191-5C383EA32977}.Debug|Any CPU.ActiveCfg = Debug|Any CPU
		{AD5D6139-AE13-4A58-A191-5C383EA32977}.Debug|Any CPU.Build.0 = Debug|Any CPU
		{AD5D6139-AE13-4A58-A191-5C383EA32977}.Release|Any CPU.ActiveCfg = Release|Any CPU
		{AD5D6139-AE13-4A58-A191-5C383EA32977}.Release|Any CPU.Build.0 = Release|Any CPU
		{CF828BDE-050E-4287-A0BA-9FADF7301DBD}.Debug|Any CPU.ActiveCfg = Debug|Any CPU
		{CF828BDE-050E-4287-A0BA-9FADF7301DBD}.Debug|Any CPU.Build.0 = Debug|Any CPU
		{CF828BDE-050E-4287-A0BA-9FADF7301DBD}.Release|Any CPU.ActiveCfg = Release|Any CPU
		{CF828BDE-050E-4287-A0BA-9FADF7301DBD}.Release|Any CPU.Build.0 = Release|Any CPU
	EndGlobalSection
	GlobalSection(SolutionProperties) = preSolution
		HideSolutionNode = FALSE
	EndGlobalSection
	GlobalSection(ExtensibilityGlobals) = postSolution
		SolutionGuid = {C0EAB6E4-55E7-4461-AA20-0528D704F86E}
	EndGlobalSection
EndGlobal
